
Microsoft Visual Studio Solution File, Format Version 12.00
# Visual Studio 2013
VisualStudioVersion = 12.0.21005.1
MinimumVisualStudioVersion = 10.0.40219.1
Project("{FAE04EC0-301F-11D3-BF4B-00C04F79EFBC}") = "WpfClient", "WpfClient\WpfClient.csproj", "{60CE20DF-B02A-469E-99C4-95172C35E00D}"
EndProject
Project("{FAE04EC0-301F-11D3-BF4B-00C04F79EFBC}") = "WpfServer", "WpfServer\WpfServer.csproj", "{16131EE7-2734-4574-924C-F0A48047D392}"
EndProject
Project("{FAE04EC0-301F-11D3-BF4B-00C04F79EFBC}") = "HexConverter", "HexConverter\HexConverter.csproj", "{BCF9AE28-EC6D-4A65-ADC2-2E3077E52ED5}"
EndProject
Project("{FAE04EC0-301F-11D3-BF4B-00C04F79EFBC}") = "SQLiteTest", "SQLiteTest\SQLiteTest.csproj", "{3BEA8A91-3725-46D4-91EF-A3BBEC207DEB}"
EndProject
Project("{FAE04EC0-301F-11D3-BF4B-00C04F79EFBC}") = "NLogSample", "NLogSample\NLogSample.csproj", "{0D86CBAE-A742-49FD-A188-D7D25CF5502A}"
EndProject
Project("{FAE04EC0-301F-11D3-BF4B-00C04F79EFBC}") = "SlClient", "SlClient\SlClient.csproj", "{74AA2C4A-39CB-49A2-A492-DED68289BFB1}"
EndProject
Project("{FAE04EC0-301F-11D3-BF4B-00C04F79EFBC}") = "SlClient.Web", "SlClient.Web\SlClient.Web.csproj", "{369DAC7D-5114-40EB-8941-62716318F713}"
EndProject
Project("{FAE04EC0-301F-11D3-BF4B-00C04F79EFBC}") = "ProgressBarAsync", "ProgressBarAsync\ProgressBarAsync.csproj", "{7213BFD8-230D-449E-896D-31307661E111}"
EndProject
Global
	GlobalSection(SolutionConfigurationPlatforms) = preSolution
		Debug|Any CPU = Debug|Any CPU
		Debug|Mixed Platforms = Debug|Mixed Platforms
		Debug|x86 = Debug|x86
		Release|Any CPU = Release|Any CPU
		Release|Mixed Platforms = Release|Mixed Platforms
		Release|x86 = Release|x86
	EndGlobalSection
	GlobalSection(ProjectConfigurationPlatforms) = postSolution
		{60CE20DF-B02A-469E-99C4-95172C35E00D}.Debug|Any CPU.ActiveCfg = Debug|Any CPU
		{60CE20DF-B02A-469E-99C4-95172C35E00D}.Debug|Any CPU.Build.0 = Debug|Any CPU
		{60CE20DF-B02A-469E-99C4-95172C35E00D}.Debug|Mixed Platforms.ActiveCfg = Debug|Any CPU
		{60CE20DF-B02A-469E-99C4-95172C35E00D}.Debug|Mixed Platforms.Build.0 = Debug|Any CPU
		{60CE20DF-B02A-469E-99C4-95172C35E00D}.Debug|x86.ActiveCfg = Debug|Any CPU
		{60CE20DF-B02A-469E-99C4-95172C35E00D}.Release|Any CPU.ActiveCfg = Release|Any CPU
		{60CE20DF-B02A-469E-99C4-95172C35E00D}.Release|Any CPU.Build.0 = Release|Any CPU
		{60CE20DF-B02A-469E-99C4-95172C35E00D}.Release|Mixed Platforms.ActiveCfg = Release|Any CPU
		{60CE20DF-B02A-469E-99C4-95172C35E00D}.Release|Mixed Platforms.Build.0 = Release|Any CPU
		{60CE20DF-B02A-469E-99C4-95172C35E00D}.Release|x86.ActiveCfg = Release|Any CPU
		{16131EE7-2734-4574-924C-F0A48047D392}.Debug|Any CPU.ActiveCfg = Debug|Any CPU
		{16131EE7-2734-4574-924C-F0A48047D392}.Debug|Any CPU.Build.0 = Debug|Any CPU
		{16131EE7-2734-4574-924C-F0A48047D392}.Debug|Mixed Platforms.ActiveCfg = Debug|Any CPU
		{16131EE7-2734-4574-924C-F0A48047D392}.Debug|Mixed Platforms.Build.0 = Debug|Any CPU
		{16131EE7-2734-4574-924C-F0A48047D392}.Debug|x86.ActiveCfg = Debug|Any CPU
		{16131EE7-2734-4574-924C-F0A48047D392}.Release|Any CPU.ActiveCfg = Release|Any CPU
		{16131EE7-2734-4574-924C-F0A48047D392}.Release|Any CPU.Build.0 = Release|Any CPU
		{16131EE7-2734-4574-924C-F0A48047D392}.Release|Mixed Platforms.ActiveCfg = Release|Any CPU
		{16131EE7-2734-4574-924C-F0A48047D392}.Release|Mixed Platforms.Build.0 = Release|Any CPU
		{16131EE7-2734-4574-924C-F0A48047D392}.Release|x86.ActiveCfg = Release|Any CPU
		{BCF9AE28-EC6D-4A65-ADC2-2E3077E52ED5}.Debug|Any CPU.ActiveCfg = Debug|Any CPU
		{BCF9AE28-EC6D-4A65-ADC2-2E3077E52ED5}.Debug|Any CPU.Build.0 = Debug|Any CPU
		{BCF9AE28-EC6D-4A65-ADC2-2E3077E52ED5}.Debug|Mixed Platforms.ActiveCfg = Debug|Any CPU
		{BCF9AE28-EC6D-4A65-ADC2-2E3077E52ED5}.Debug|Mixed Platforms.Build.0 = Debug|Any CPU
		{BCF9AE28-EC6D-4A65-ADC2-2E3077E52ED5}.Debug|x86.ActiveCfg = Debug|Any CPU
		{BCF9AE28-EC6D-4A65-ADC2-2E3077E52ED5}.Release|Any CPU.ActiveCfg = Release|Any CPU
		{BCF9AE28-EC6D-4A65-ADC2-2E3077E52ED5}.Release|Any CPU.Build.0 = Release|Any CPU
		{BCF9AE28-EC6D-4A65-ADC2-2E3077E52ED5}.Release|Mixed Platforms.ActiveCfg = Release|Any CPU
		{BCF9AE28-EC6D-4A65-ADC2-2E3077E52ED5}.Release|Mixed Platforms.Build.0 = Release|Any CPU
		{BCF9AE28-EC6D-4A65-ADC2-2E3077E52ED5}.Release|x86.ActiveCfg = Release|Any CPU
		{3BEA8A91-3725-46D4-91EF-A3BBEC207DEB}.Debug|Any CPU.ActiveCfg = Debug|Any CPU
		{3BEA8A91-3725-46D4-91EF-A3BBEC207DEB}.Debug|Any CPU.Build.0 = Debug|Any CPU
		{3BEA8A91-3725-46D4-91EF-A3BBEC207DEB}.Debug|Mixed Platforms.ActiveCfg = Debug|Any CPU
		{3BEA8A91-3725-46D4-91EF-A3BBEC207DEB}.Debug|Mixed Platforms.Build.0 = Debug|Any CPU
		{3BEA8A91-3725-46D4-91EF-A3BBEC207DEB}.Debug|x86.ActiveCfg = Debug|Any CPU
		{3BEA8A91-3725-46D4-91EF-A3BBEC207DEB}.Release|Any CPU.ActiveCfg = Release|Any CPU
		{3BEA8A91-3725-46D4-91EF-A3BBEC207DEB}.Release|Any CPU.Build.0 = Release|Any CPU
		{3BEA8A91-3725-46D4-91EF-A3BBEC207DEB}.Release|Mixed Platforms.ActiveCfg = Release|Any CPU
		{3BEA8A91-3725-46D4-91EF-A3BBEC207DEB}.Release|Mixed Platforms.Build.0 = Release|Any CPU
		{3BEA8A91-3725-46D4-91EF-A3BBEC207DEB}.Release|x86.ActiveCfg = Release|Any CPU
		{0D86CBAE-A742-49FD-A188-D7D25CF5502A}.Debug|Any CPU.ActiveCfg = Debug|Any CPU
		{0D86CBAE-A742-49FD-A188-D7D25CF5502A}.Debug|Any CPU.Build.0 = Debug|Any CPU
		{0D86CBAE-A742-49FD-A188-D7D25CF5502A}.Debug|Mixed Platforms.ActiveCfg = Debug|Any CPU
		{0D86CBAE-A742-49FD-A188-D7D25CF5502A}.Debug|Mixed Platforms.Build.0 = Debug|Any CPU
		{0D86CBAE-A742-49FD-A188-D7D25CF5502A}.Debug|x86.ActiveCfg = Debug|Any CPU
		{0D86CBAE-A742-49FD-A188-D7D25CF5502A}.Release|Any CPU.ActiveCfg = Release|Any CPU
		{0D86CBAE-A742-49FD-A188-D7D25CF5502A}.Release|Any CPU.Build.0 = Release|Any CPU
		{0D86CBAE-A742-49FD-A188-D7D25CF5502A}.Release|Mixed Platforms.ActiveCfg = Release|Any CPU
		{0D86CBAE-A742-49FD-A188-D7D25CF5502A}.Release|Mixed Platforms.Build.0 = Release|Any CPU
		{0D86CBAE-A742-49FD-A188-D7D25CF5502A}.Release|x86.ActiveCfg = Release|Any CPU
		{74AA2C4A-39CB-49A2-A492-DED68289BFB1}.Debug|Any CPU.ActiveCfg = Debug|Any CPU
		{74AA2C4A-39CB-49A2-A492-DED68289BFB1}.Debug|Any CPU.Build.0 = Debug|Any CPU
		{74AA2C4A-39CB-49A2-A492-DED68289BFB1}.Debug|Mixed Platforms.ActiveCfg = Debug|Any CPU
		{74AA2C4A-39CB-49A2-A492-DED68289BFB1}.Debug|Mixed Platforms.Build.0 = Debug|Any CPU
		{74AA2C4A-39CB-49A2-A492-DED68289BFB1}.Debug|x86.ActiveCfg = Debug|Any CPU
		{74AA2C4A-39CB-49A2-A492-DED68289BFB1}.Release|Any CPU.ActiveCfg = Release|Any CPU
		{74AA2C4A-39CB-49A2-A492-DED68289BFB1}.Release|Any CPU.Build.0 = Release|Any CPU
		{74AA2C4A-39CB-49A2-A492-DED68289BFB1}.Release|Mixed Platforms.ActiveCfg = Release|Any CPU
		{74AA2C4A-39CB-49A2-A492-DED68289BFB1}.Release|Mixed Platforms.Build.0 = Release|Any CPU
		{74AA2C4A-39CB-49A2-A492-DED68289BFB1}.Release|x86.ActiveCfg = Release|Any CPU
		{369DAC7D-5114-40EB-8941-62716318F713}.Debug|Any CPU.ActiveCfg = Debug|Any CPU
		{369DAC7D-5114-40EB-8941-62716318F713}.Debug|Any CPU.Build.0 = Debug|Any CPU
		{369DAC7D-5114-40EB-8941-62716318F713}.Debug|Mixed Platforms.ActiveCfg = Debug|Any CPU
		{369DAC7D-5114-40EB-8941-62716318F713}.Debug|Mixed Platforms.Build.0 = Debug|Any CPU
		{369DAC7D-5114-40EB-8941-62716318F713}.Debug|x86.ActiveCfg = Debug|Any CPU
		{369DAC7D-5114-40EB-8941-62716318F713}.Release|Any CPU.ActiveCfg = Release|Any CPU
		{369DAC7D-5114-40EB-8941-62716318F713}.Release|Any CPU.Build.0 = Release|Any CPU
		{369DAC7D-5114-40EB-8941-62716318F713}.Release|Mixed Platforms.ActiveCfg = Release|Any CPU
		{369DAC7D-5114-40EB-8941-62716318F713}.Release|Mixed Platforms.Build.0 = Release|Any CPU
		{369DAC7D-5114-40EB-8941-62716318F713}.Release|x86.ActiveCfg = Release|Any CPU
		{7213BFD8-230D-449E-896D-31307661E111}.Debug|Any CPU.ActiveCfg = Debug|Any CPU
		{7213BFD8-230D-449E-896D-31307661E111}.Debug|Any CPU.Build.0 = Debug|Any CPU
		{7213BFD8-230D-449E-896D-31307661E111}.Debug|Mixed Platforms.ActiveCfg = Debug|Any CPU
		{7213BFD8-230D-449E-896D-31307661E111}.Debug|Mixed Platforms.Build.0 = Debug|Any CPU
		{7213BFD8-230D-449E-896D-31307661E111}.Debug|x86.ActiveCfg = Debug|Any CPU
		{7213BFD8-230D-449E-896D-31307661E111}.Release|Any CPU.ActiveCfg = Release|Any CPU
		{7213BFD8-230D-449E-896D-31307661E111}.Release|Any CPU.Build.0 = Release|Any CPU
		{7213BFD8-230D-449E-896D-31307661E111}.Release|Mixed Platforms.ActiveCfg = Release|Any CPU
		{7213BFD8-230D-449E-896D-31307661E111}.Release|Mixed Platforms.Build.0 = Release|Any CPU
		{7213BFD8-230D-449E-896D-31307661E111}.Release|x86.ActiveCfg = Release|Any CPU
	EndGlobalSection
	GlobalSection(SolutionProperties) = preSolution
		HideSolutionNode = FALSE
	EndGlobalSection
EndGlobal
